
Microsoft Visual Studio Solution File, Format Version 12.00
# Visual Studio 15
VisualStudioVersion = 15.0.28010.2036
MinimumVisualStudioVersion = 10.0.40219.1
Project("{FAE04EC0-301F-11D3-BF4B-00C04F79EFBC}") = "TechAcadStudentsMVC", "TechAcadStudentsMVC\TechAcadStudentsMVC.csproj", "{D490FD4E-47B5-4DBC-AAA2-73204BC24ACD}"
EndProject
Global
	GlobalSection(SolutionConfigurationPlatforms) = preSolution
		Debug|Any CPU = Debug|Any CPU
		Release|Any CPU = Release|Any CPU
	EndGlobalSection
	GlobalSection(ProjectConfigurationPlatforms) = postSolution
		{D490FD4E-47B5-4DBC-AAA2-73204BC24ACD}.Debug|Any CPU.ActiveCfg = Debug|Any CPU
		{D490FD4E-47B5-4DBC-AAA2-73204BC24ACD}.Debug|Any CPU.Build.0 = Debug|Any CPU
		{D490FD4E-47B5-4DBC-AAA2-73204BC24ACD}.Release|Any CPU.ActiveCfg = Release|Any CPU
		{D490FD4E-47B5-4DBC-AAA2-73204BC24ACD}.Release|Any CPU.Build.0 = Release|Any CPU
	EndGlobalSection
	GlobalSection(SolutionProperties) = preSolution
		HideSolutionNode = FALSE
	EndGlobalSection
	GlobalSection(ExtensibilityGlobals) = postSolution
		SolutionGuid = {00231AE3-4F99-4521-8BF9-7AD090A60E7B}
	EndGlobalSection
EndGlobal
